
Microsoft Visual Studio Solution File, Format Version 12.00
# Visual Studio Version 16
VisualStudioVersion = 16.0.30320.27
MinimumVisualStudioVersion = 10.0.40219.1
Project("{FAE04EC0-301F-11D3-BF4B-00C04F79EFBC}") = "BMI", "BMI\BMI.csproj", "{6788B14D-3173-42EF-9C61-7E7ACBECC1E6}"
EndProject
Global
	GlobalSection(SolutionConfigurationPlatforms) = preSolution
		Debug|Any CPU = Debug|Any CPU
		Release|Any CPU = Release|Any CPU
	EndGlobalSection
	GlobalSection(ProjectConfigurationPlatforms) = postSolution
		{6788B14D-3173-42EF-9C61-7E7ACBECC1E6}.Debug|Any CPU.ActiveCfg = Debug|Any CPU
		{6788B14D-3173-42EF-9C61-7E7ACBECC1E6}.Debug|Any CPU.Build.0 = Debug|Any CPU
		{6788B14D-3173-42EF-9C61-7E7ACBECC1E6}.Release|Any CPU.ActiveCfg = Release|Any CPU
		{6788B14D-3173-42EF-9C61-7E7ACBECC1E6}.Release|Any CPU.Build.0 = Release|Any CPU
	EndGlobalSection
	GlobalSection(SolutionProperties) = preSolution
		HideSolutionNode = FALSE
	EndGlobalSection
	GlobalSection(ExtensibilityGlobals) = postSolution
		SolutionGuid = {7CAFA4E4-2FCE-4CA6-B97E-F9C7A2DA16DC}
	EndGlobalSection
EndGlobal
