
Microsoft Visual Studio Solution File, Format Version 12.00
# Visual Studio Version 16
VisualStudioVersion = 16.0.33328.57
MinimumVisualStudioVersion = 10.0.40219.1
Project("{FAE04EC0-301F-11D3-BF4B-00C04F79EFBC}") = "KullanıcıKayıtRehberi", "KullanıcıKayıtRehberi\KullanıcıKayıtRehberi.csproj", "{AFB7779C-E049-4D82-8C0B-478B51D37EB0}"
EndProject
Global
	GlobalSection(SolutionConfigurationPlatforms) = preSolution
		Debug|Any CPU = Debug|Any CPU
		Release|Any CPU = Release|Any CPU
	EndGlobalSection
	GlobalSection(ProjectConfigurationPlatforms) = postSolution
		{AFB7779C-E049-4D82-8C0B-478B51D37EB0}.Debug|Any CPU.ActiveCfg = Debug|Any CPU
		{AFB7779C-E049-4D82-8C0B-478B51D37EB0}.Debug|Any CPU.Build.0 = Debug|Any CPU
		{AFB7779C-E049-4D82-8C0B-478B51D37EB0}.Release|Any CPU.ActiveCfg = Release|Any CPU
		{AFB7779C-E049-4D82-8C0B-478B51D37EB0}.Release|Any CPU.Build.0 = Release|Any CPU
	EndGlobalSection
	GlobalSection(SolutionProperties) = preSolution
		HideSolutionNode = FALSE
	EndGlobalSection
	GlobalSection(ExtensibilityGlobals) = postSolution
		SolutionGuid = {1111CE39-329E-42ED-BE43-7F29C63C31B2}
	EndGlobalSection
EndGlobal
