
Microsoft Visual Studio Solution File, Format Version 12.00
# Visual Studio Version 16
VisualStudioVersion = 16.0.31729.503
MinimumVisualStudioVersion = 10.0.40219.1
Project("{FAE04EC0-301F-11D3-BF4B-00C04F79EFBC}") = "_005_Arrays.Extras", "_005_Arrays.Extras\_005_Arrays.Extras.csproj", "{D699AEAF-C916-4E7B-8AA4-7CEB4125DBF8}"
EndProject
Global
	GlobalSection(SolutionConfigurationPlatforms) = preSolution
		Debug|Any CPU = Debug|Any CPU
		Release|Any CPU = Release|Any CPU
	EndGlobalSection
	GlobalSection(ProjectConfigurationPlatforms) = postSolution
		{D699AEAF-C916-4E7B-8AA4-7CEB4125DBF8}.Debug|Any CPU.ActiveCfg = Debug|Any CPU
		{D699AEAF-C916-4E7B-8AA4-7CEB4125DBF8}.Debug|Any CPU.Build.0 = Debug|Any CPU
		{D699AEAF-C916-4E7B-8AA4-7CEB4125DBF8}.Release|Any CPU.ActiveCfg = Release|Any CPU
		{D699AEAF-C916-4E7B-8AA4-7CEB4125DBF8}.Release|Any CPU.Build.0 = Release|Any CPU
	EndGlobalSection
	GlobalSection(SolutionProperties) = preSolution
		HideSolutionNode = FALSE
	EndGlobalSection
	GlobalSection(ExtensibilityGlobals) = postSolution
		SolutionGuid = {83FA9FBA-96E0-4EFC-9E33-3DE2E629DB60}
	EndGlobalSection
EndGlobal
