
Microsoft Visual Studio Solution File, Format Version 12.00
# Visual Studio Version 16
VisualStudioVersion = 16.0.34301.259
MinimumVisualStudioVersion = 10.0.40219.1
Project("{FAE04EC0-301F-11D3-BF4B-00C04F79EFBC}") = "AtYarışı", "AtYarışı\AtYarışı.csproj", "{58A7C66B-497D-4A5E-9551-4675E849E324}"
EndProject
Global
	GlobalSection(SolutionConfigurationPlatforms) = preSolution
		Debug|Any CPU = Debug|Any CPU
		Release|Any CPU = Release|Any CPU
	EndGlobalSection
	GlobalSection(ProjectConfigurationPlatforms) = postSolution
		{58A7C66B-497D-4A5E-9551-4675E849E324}.Debug|Any CPU.ActiveCfg = Debug|Any CPU
		{58A7C66B-497D-4A5E-9551-4675E849E324}.Debug|Any CPU.Build.0 = Debug|Any CPU
		{58A7C66B-497D-4A5E-9551-4675E849E324}.Release|Any CPU.ActiveCfg = Release|Any CPU
		{58A7C66B-497D-4A5E-9551-4675E849E324}.Release|Any CPU.Build.0 = Release|Any CPU
	EndGlobalSection
	GlobalSection(SolutionProperties) = preSolution
		HideSolutionNode = FALSE
	EndGlobalSection
	GlobalSection(ExtensibilityGlobals) = postSolution
		SolutionGuid = {84792FD5-6A4E-4CE4-AD05-4A3821544C1C}
	EndGlobalSection
EndGlobal
