
Microsoft Visual Studio Solution File, Format Version 12.00
# Visual Studio Version 16
VisualStudioVersion = 16.0.30320.27
MinimumVisualStudioVersion = 10.0.40219.1
Project("{FAE04EC0-301F-11D3-BF4B-00C04F79EFBC}") = "YasHesapDemo", "YasHesapDemo\YasHesapDemo.csproj", "{D3F228DB-EDC7-4BCF-9848-88876395B347}"
EndProject
Project("{FAE04EC0-301F-11D3-BF4B-00C04F79EFBC}") = "KimlikNoDogrulama", "KimlikNoDogrulama\KimlikNoDogrulama.csproj", "{34FE0B06-569B-4226-A43D-6133DE665BB8}"
EndProject
Project("{FAE04EC0-301F-11D3-BF4B-00C04F79EFBC}") = "FaktoriyelHesabi", "FaktoriyelHesabi\FaktoriyelHesabi.csproj", "{AFD06BC2-6571-4C86-BB31-CA493738D953}"
EndProject
Global
	GlobalSection(SolutionConfigurationPlatforms) = preSolution
		Debug|Any CPU = Debug|Any CPU
		Release|Any CPU = Release|Any CPU
	EndGlobalSection
	GlobalSection(ProjectConfigurationPlatforms) = postSolution
		{D3F228DB-EDC7-4BCF-9848-88876395B347}.Debug|Any CPU.ActiveCfg = Debug|Any CPU
		{D3F228DB-EDC7-4BCF-9848-88876395B347}.Debug|Any CPU.Build.0 = Debug|Any CPU
		{D3F228DB-EDC7-4BCF-9848-88876395B347}.Release|Any CPU.ActiveCfg = Release|Any CPU
		{D3F228DB-EDC7-4BCF-9848-88876395B347}.Release|Any CPU.Build.0 = Release|Any CPU
		{34FE0B06-569B-4226-A43D-6133DE665BB8}.Debug|Any CPU.ActiveCfg = Debug|Any CPU
		{34FE0B06-569B-4226-A43D-6133DE665BB8}.Debug|Any CPU.Build.0 = Debug|Any CPU
		{34FE0B06-569B-4226-A43D-6133DE665BB8}.Release|Any CPU.ActiveCfg = Release|Any CPU
		{34FE0B06-569B-4226-A43D-6133DE665BB8}.Release|Any CPU.Build.0 = Release|Any CPU
		{AFD06BC2-6571-4C86-BB31-CA493738D953}.Debug|Any CPU.ActiveCfg = Debug|Any CPU
		{AFD06BC2-6571-4C86-BB31-CA493738D953}.Debug|Any CPU.Build.0 = Debug|Any CPU
		{AFD06BC2-6571-4C86-BB31-CA493738D953}.Release|Any CPU.ActiveCfg = Release|Any CPU
		{AFD06BC2-6571-4C86-BB31-CA493738D953}.Release|Any CPU.Build.0 = Release|Any CPU
	EndGlobalSection
	GlobalSection(SolutionProperties) = preSolution
		HideSolutionNode = FALSE
	EndGlobalSection
	GlobalSection(ExtensibilityGlobals) = postSolution
		SolutionGuid = {C38BA516-D126-40EA-913D-02C3CEDC8776}
	EndGlobalSection
EndGlobal
