
Microsoft Visual Studio Solution File, Format Version 12.00
# Visual Studio Version 16
VisualStudioVersion = 16.0.33328.57
MinimumVisualStudioVersion = 10.0.40219.1
Project("{FAE04EC0-301F-11D3-BF4B-00C04F79EFBC}") = "Alarm Programı", "Alarm Programı\Alarm Programı.csproj", "{10AD38A0-B12B-481F-8F90-8FBDD7DDBC42}"
EndProject
Global
	GlobalSection(SolutionConfigurationPlatforms) = preSolution
		Debug|Any CPU = Debug|Any CPU
		Release|Any CPU = Release|Any CPU
	EndGlobalSection
	GlobalSection(ProjectConfigurationPlatforms) = postSolution
		{10AD38A0-B12B-481F-8F90-8FBDD7DDBC42}.Debug|Any CPU.ActiveCfg = Debug|Any CPU
		{10AD38A0-B12B-481F-8F90-8FBDD7DDBC42}.Debug|Any CPU.Build.0 = Debug|Any CPU
		{10AD38A0-B12B-481F-8F90-8FBDD7DDBC42}.Release|Any CPU.ActiveCfg = Release|Any CPU
		{10AD38A0-B12B-481F-8F90-8FBDD7DDBC42}.Release|Any CPU.Build.0 = Release|Any CPU
	EndGlobalSection
	GlobalSection(SolutionProperties) = preSolution
		HideSolutionNode = FALSE
	EndGlobalSection
	GlobalSection(ExtensibilityGlobals) = postSolution
		SolutionGuid = {62295354-442C-4BD5-BE2C-C81EA29D03A3}
	EndGlobalSection
EndGlobal
