
Microsoft Visual Studio Solution File, Format Version 12.00
# Visual Studio Version 16
VisualStudioVersion = 16.0.30320.27
MinimumVisualStudioVersion = 10.0.40219.1
Project("{FAE04EC0-301F-11D3-BF4B-00C04F79EFBC}") = "HelloWoldConsoleApp", "HelloWoldConsoleApp\HelloWoldConsoleApp.csproj", "{87041CE4-AA53-4746-AF4B-2DA458DC8B3A}"
EndProject
Project("{FAE04EC0-301F-11D3-BF4B-00C04F79EFBC}") = "DataTypesandVariables", "DataTypesandVariables\DataTypesandVariables.csproj", "{33AF5960-733C-4CC1-AE26-C2643F8DFC7B}"
EndProject
Global
	GlobalSection(SolutionConfigurationPlatforms) = preSolution
		Debug|Any CPU = Debug|Any CPU
		Release|Any CPU = Release|Any CPU
	EndGlobalSection
	GlobalSection(ProjectConfigurationPlatforms) = postSolution
		{87041CE4-AA53-4746-AF4B-2DA458DC8B3A}.Debug|Any CPU.ActiveCfg = Debug|Any CPU
		{87041CE4-AA53-4746-AF4B-2DA458DC8B3A}.Debug|Any CPU.Build.0 = Debug|Any CPU
		{87041CE4-AA53-4746-AF4B-2DA458DC8B3A}.Release|Any CPU.ActiveCfg = Release|Any CPU
		{87041CE4-AA53-4746-AF4B-2DA458DC8B3A}.Release|Any CPU.Build.0 = Release|Any CPU
		{33AF5960-733C-4CC1-AE26-C2643F8DFC7B}.Debug|Any CPU.ActiveCfg = Debug|Any CPU
		{33AF5960-733C-4CC1-AE26-C2643F8DFC7B}.Debug|Any CPU.Build.0 = Debug|Any CPU
		{33AF5960-733C-4CC1-AE26-C2643F8DFC7B}.Release|Any CPU.ActiveCfg = Release|Any CPU
		{33AF5960-733C-4CC1-AE26-C2643F8DFC7B}.Release|Any CPU.Build.0 = Release|Any CPU
	EndGlobalSection
	GlobalSection(SolutionProperties) = preSolution
		HideSolutionNode = FALSE
	EndGlobalSection
	GlobalSection(ExtensibilityGlobals) = postSolution
		SolutionGuid = {87C61499-4BBA-4C9B-A91D-453B64735C80}
	EndGlobalSection
EndGlobal
