
Microsoft Visual Studio Solution File, Format Version 12.00
# Visual Studio Version 16
VisualStudioVersion = 16.0.30320.27
MinimumVisualStudioVersion = 10.0.40219.1
Project("{FAE04EC0-301F-11D3-BF4B-00C04F79EFBC}") = "Conditionals", "Conditionals\Conditionals.csproj", "{72BE14AB-8362-4C28-AC1E-D69EFC4167FF}"
EndProject
Project("{FAE04EC0-301F-11D3-BF4B-00C04F79EFBC}") = "Demos", "Demos\Demos.csproj", "{3937F980-4B42-4419-A577-CDEC2B30797D}"
EndProject
Project("{FAE04EC0-301F-11D3-BF4B-00C04F79EFBC}") = "Demos2", "Demos2\Demos2.csproj", "{7E623FFE-E0D8-44E0-8012-0C5F63F4E078}"
EndProject
Global
	GlobalSection(SolutionConfigurationPlatforms) = preSolution
		Debug|Any CPU = Debug|Any CPU
		Release|Any CPU = Release|Any CPU
	EndGlobalSection
	GlobalSection(ProjectConfigurationPlatforms) = postSolution
		{72BE14AB-8362-4C28-AC1E-D69EFC4167FF}.Debug|Any CPU.ActiveCfg = Debug|Any CPU
		{72BE14AB-8362-4C28-AC1E-D69EFC4167FF}.Debug|Any CPU.Build.0 = Debug|Any CPU
		{72BE14AB-8362-4C28-AC1E-D69EFC4167FF}.Release|Any CPU.ActiveCfg = Release|Any CPU
		{72BE14AB-8362-4C28-AC1E-D69EFC4167FF}.Release|Any CPU.Build.0 = Release|Any CPU
		{3937F980-4B42-4419-A577-CDEC2B30797D}.Debug|Any CPU.ActiveCfg = Debug|Any CPU
		{3937F980-4B42-4419-A577-CDEC2B30797D}.Debug|Any CPU.Build.0 = Debug|Any CPU
		{3937F980-4B42-4419-A577-CDEC2B30797D}.Release|Any CPU.ActiveCfg = Release|Any CPU
		{3937F980-4B42-4419-A577-CDEC2B30797D}.Release|Any CPU.Build.0 = Release|Any CPU
		{7E623FFE-E0D8-44E0-8012-0C5F63F4E078}.Debug|Any CPU.ActiveCfg = Debug|Any CPU
		{7E623FFE-E0D8-44E0-8012-0C5F63F4E078}.Debug|Any CPU.Build.0 = Debug|Any CPU
		{7E623FFE-E0D8-44E0-8012-0C5F63F4E078}.Release|Any CPU.ActiveCfg = Release|Any CPU
		{7E623FFE-E0D8-44E0-8012-0C5F63F4E078}.Release|Any CPU.Build.0 = Release|Any CPU
	EndGlobalSection
	GlobalSection(SolutionProperties) = preSolution
		HideSolutionNode = FALSE
	EndGlobalSection
	GlobalSection(ExtensibilityGlobals) = postSolution
		SolutionGuid = {D4FCBF55-2795-46B4-8FD3-8162C6DC2F4D}
	EndGlobalSection
EndGlobal
