
Microsoft Visual Studio Solution File, Format Version 12.00
# Visual Studio Version 16
VisualStudioVersion = 16.0.33328.57
MinimumVisualStudioVersion = 10.0.40219.1
Project("{FAE04EC0-301F-11D3-BF4B-00C04F79EFBC}") = "Saat Dakika Mod", "Saat Dakika Mod\Saat Dakika Mod.csproj", "{0A59CD4C-72B8-4EF7-9581-E97BFE9E446E}"
EndProject
Global
	GlobalSection(SolutionConfigurationPlatforms) = preSolution
		Debug|Any CPU = Debug|Any CPU
		Release|Any CPU = Release|Any CPU
	EndGlobalSection
	GlobalSection(ProjectConfigurationPlatforms) = postSolution
		{0A59CD4C-72B8-4EF7-9581-E97BFE9E446E}.Debug|Any CPU.ActiveCfg = Debug|Any CPU
		{0A59CD4C-72B8-4EF7-9581-E97BFE9E446E}.Debug|Any CPU.Build.0 = Debug|Any CPU
		{0A59CD4C-72B8-4EF7-9581-E97BFE9E446E}.Release|Any CPU.ActiveCfg = Release|Any CPU
		{0A59CD4C-72B8-4EF7-9581-E97BFE9E446E}.Release|Any CPU.Build.0 = Release|Any CPU
	EndGlobalSection
	GlobalSection(SolutionProperties) = preSolution
		HideSolutionNode = FALSE
	EndGlobalSection
	GlobalSection(ExtensibilityGlobals) = postSolution
		SolutionGuid = {ADF300D3-133F-45AD-A371-3F0D96226520}
	EndGlobalSection
EndGlobal
