
Microsoft Visual Studio Solution File, Format Version 12.00
# Visual Studio Version 16
VisualStudioVersion = 16.0.31729.503
MinimumVisualStudioVersion = 10.0.40219.1
Project("{FAE04EC0-301F-11D3-BF4B-00C04F79EFBC}") = "OddEvenNumber", "OddEvenNumber\OddEvenNumber.csproj", "{07D82962-3625-4BA5-94F5-77250597FD14}"
EndProject
Global
	GlobalSection(SolutionConfigurationPlatforms) = preSolution
		Debug|Any CPU = Debug|Any CPU
		Release|Any CPU = Release|Any CPU
	EndGlobalSection
	GlobalSection(ProjectConfigurationPlatforms) = postSolution
		{07D82962-3625-4BA5-94F5-77250597FD14}.Debug|Any CPU.ActiveCfg = Debug|Any CPU
		{07D82962-3625-4BA5-94F5-77250597FD14}.Debug|Any CPU.Build.0 = Debug|Any CPU
		{07D82962-3625-4BA5-94F5-77250597FD14}.Release|Any CPU.ActiveCfg = Release|Any CPU
		{07D82962-3625-4BA5-94F5-77250597FD14}.Release|Any CPU.Build.0 = Release|Any CPU
	EndGlobalSection
	GlobalSection(SolutionProperties) = preSolution
		HideSolutionNode = FALSE
	EndGlobalSection
	GlobalSection(ExtensibilityGlobals) = postSolution
		SolutionGuid = {417C5CC0-1552-430E-ABE3-FACAA4045CEB}
	EndGlobalSection
EndGlobal
