
Microsoft Visual Studio Solution File, Format Version 12.00
# Visual Studio Version 16
VisualStudioVersion = 16.0.33328.57
MinimumVisualStudioVersion = 10.0.40219.1
Project("{FAE04EC0-301F-11D3-BF4B-00C04F79EFBC}") = "Radyo Csharp", "Radyo Csharp\Radyo Csharp.csproj", "{DA4FCBD5-F5CB-4C0A-8FFE-5690A617E2FD}"
EndProject
Global
	GlobalSection(SolutionConfigurationPlatforms) = preSolution
		Debug|Any CPU = Debug|Any CPU
		Release|Any CPU = Release|Any CPU
	EndGlobalSection
	GlobalSection(ProjectConfigurationPlatforms) = postSolution
		{DA4FCBD5-F5CB-4C0A-8FFE-5690A617E2FD}.Debug|Any CPU.ActiveCfg = Debug|Any CPU
		{DA4FCBD5-F5CB-4C0A-8FFE-5690A617E2FD}.Debug|Any CPU.Build.0 = Debug|Any CPU
		{DA4FCBD5-F5CB-4C0A-8FFE-5690A617E2FD}.Release|Any CPU.ActiveCfg = Release|Any CPU
		{DA4FCBD5-F5CB-4C0A-8FFE-5690A617E2FD}.Release|Any CPU.Build.0 = Release|Any CPU
	EndGlobalSection
	GlobalSection(SolutionProperties) = preSolution
		HideSolutionNode = FALSE
	EndGlobalSection
	GlobalSection(ExtensibilityGlobals) = postSolution
		SolutionGuid = {ECFD3CAA-5F00-46B3-A81C-28C99E0242D0}
	EndGlobalSection
EndGlobal
