
Microsoft Visual Studio Solution File, Format Version 12.00
# Visual Studio Version 16
VisualStudioVersion = 16.0.30320.27
MinimumVisualStudioVersion = 10.0.40219.1
Project("{FAE04EC0-301F-11D3-BF4B-00C04F79EFBC}") = "BarbutOOP", "BarbutOOP\BarbutOOP.csproj", "{71E723B1-B004-4B3A-8A3D-C4D84D68667E}"
EndProject
Global
	GlobalSection(SolutionConfigurationPlatforms) = preSolution
		Debug|Any CPU = Debug|Any CPU
		Release|Any CPU = Release|Any CPU
	EndGlobalSection
	GlobalSection(ProjectConfigurationPlatforms) = postSolution
		{71E723B1-B004-4B3A-8A3D-C4D84D68667E}.Debug|Any CPU.ActiveCfg = Debug|Any CPU
		{71E723B1-B004-4B3A-8A3D-C4D84D68667E}.Debug|Any CPU.Build.0 = Debug|Any CPU
		{71E723B1-B004-4B3A-8A3D-C4D84D68667E}.Release|Any CPU.ActiveCfg = Release|Any CPU
		{71E723B1-B004-4B3A-8A3D-C4D84D68667E}.Release|Any CPU.Build.0 = Release|Any CPU
	EndGlobalSection
	GlobalSection(SolutionProperties) = preSolution
		HideSolutionNode = FALSE
	EndGlobalSection
	GlobalSection(ExtensibilityGlobals) = postSolution
		SolutionGuid = {1A36B5CD-EC63-45FB-88A1-7163B2222055}
	EndGlobalSection
EndGlobal
